
Microsoft Visual Studio Solution File, Format Version 12.00
# Visual Studio Version 16
VisualStudioVersion = 16.0.32413.511
MinimumVisualStudioVersion = 10.0.40219.1
Project("{FAE04EC0-301F-11D3-BF4B-00C04F79EFBC}") = "Memoire Project 4", "Memoire Project 4\Memoire Project 4.csproj", "{5DB350AA-EEC9-4673-9950-B08730054B45}"
EndProject
Global
	GlobalSection(SolutionConfigurationPlatforms) = preSolution
		Debug|Any CPU = Debug|Any CPU
		Release|Any CPU = Release|Any CPU
	EndGlobalSection
	GlobalSection(ProjectConfigurationPlatforms) = postSolution
		{5DB350AA-EEC9-4673-9950-B08730054B45}.Debug|Any CPU.ActiveCfg = Debug|Any CPU
		{5DB350AA-EEC9-4673-9950-B08730054B45}.Debug|Any CPU.Build.0 = Debug|Any CPU
		{5DB350AA-EEC9-4673-9950-B08730054B45}.Release|Any CPU.ActiveCfg = Release|Any CPU
		{5DB350AA-EEC9-4673-9950-B08730054B45}.Release|Any CPU.Build.0 = Release|Any CPU
	EndGlobalSection
	GlobalSection(SolutionProperties) = preSolution
		HideSolutionNode = FALSE
	EndGlobalSection
	GlobalSection(ExtensibilityGlobals) = postSolution
		SolutionGuid = {E7F90502-B104-42AE-B205-9470CBA9D07F}
	EndGlobalSection
EndGlobal
